{
  "version": 4,
  "terraform_version": "0.12.28",
  "serial": 3,
  "lineage": "e87d391c-9ea5-ca89-b2dc-edba014296d1",
  "outputs": {},
  "resources": [
    {
      "mode": "managed",
      "type": "aws_subnet",
      "name": "subnets",
      "provider": "provider.aws",
      "instances": [
        {
          "schema_version": 1,
          "attributes": {
            "arn": "arn:aws:ec2:ap-south-1:151102678900:subnet/subnet-09e6ade959290a7d1",
            "assign_ipv6_address_on_creation": false,
            "availability_zone": "ap-south-1a",
            "availability_zone_id": "aps1-az1",
            "cidr_block": "192.168.0.0/26",
            "id": "subnet-09e6ade959290a7d1",
            "ipv6_cidr_block": "",
            "ipv6_cidr_block_association_id": "",
            "map_public_ip_on_launch": true,
            "outpost_arn": "",
            "owner_id": "151102678900",
            "tags": {
              "Environment": "stage",
              "Name": "subnet-1"
            },
            "timeouts": null,
            "vpc_id": "vpc-02ffce16c1a7893e2"
          },
          "private": "eyJlMmJmYjczMC1lY2FhLTExZTYtOGY4OC0zNDM2M2JjN2M0YzAiOnsiY3JlYXRlIjo2MDAwMDAwMDAwMDAsImRlbGV0ZSI6MTIwMDAwMDAwMDAwMH0sInNjaGVtYV92ZXJzaW9uIjoiMSJ9",
          "dependencies": [
            "aws_vpc.main"
          ]
        }
      ]
    },
    {
      "mode": "managed",
      "type": "aws_vpc",
      "name": "main",
      "provider": "provider.aws",
      "instances": [
        {
          "schema_version": 1,
          "attributes": {
            "arn": "arn:aws:ec2:ap-south-1:151102678900:vpc/vpc-02ffce16c1a7893e2",
            "assign_generated_ipv6_cidr_block": false,
            "cidr_block": "192.168.0.0/24",
            "default_network_acl_id": "acl-0ebe7a1b90ae5ebec",
            "default_route_table_id": "rtb-0d1b9fa2e1d10a973",
            "default_security_group_id": "sg-0c0516f57404207da",
            "dhcp_options_id": "dopt-bd54acd6",
            "enable_classiclink": null,
            "enable_classiclink_dns_support": null,
            "enable_dns_hostnames": false,
            "enable_dns_support": true,
            "id": "vpc-02ffce16c1a7893e2",
            "instance_tenancy": "default",
            "ipv6_association_id": "",
            "ipv6_cidr_block": "",
            "main_route_table_id": "rtb-0d1b9fa2e1d10a973",
            "owner_id": "151102678900",
            "tags": {
              "Environment": "stage",
              "Name": "Demo-vpc"
            }
          },
          "private": "eyJzY2hlbWFfdmVyc2lvbiI6IjEifQ=="
        }
      ]
    }
  ]
}
